// !$*UTF8*$!
{
	archiveVersion = 1;
	classes = {
	};
	objectVersion = 46;
	objects = {

/* Begin PBXBuildFile section */
		EDF42D8D1403F6F7004A8569 /* UIKit.framework in Frameworks */ = {isa = PBXBuildFile; fileRef = EDF42D8C1403F6F7004A8569 /* UIKit.framework */; };
		EDF42D8F1403F6F7004A8569 /* Foundation.framework in Frameworks */ = {isa = PBXBuildFile; fileRef = EDF42D8E1403F6F7004A8569 /* Foundation.framework */; };
		EDF42D911403F6F7004A8569 /* CoreGraphics.framework in Frameworks */ = {isa = PBXBuildFile; fileRef = EDF42D901403F6F7004A8569 /* CoreGraphics.framework */; };
		EDF42D971403F6F7004A8569 /* InfoPlist.strings in Resources */ = {isa = PBXBuildFile; fileRef = EDF42D951403F6F7004A8569 /* InfoPlist.strings */; };
		EDF42D991403F6F7004A8569 /* main.m in Sources */ = {isa = PBXBuildFile; fileRef = EDF42D981403F6F7004A8569 /* main.m */; };
		EDF42D9D1403F6F7004A8569 /* CreateHeaderFileAppDelegate.m in Sources */ = {isa = PBXBuildFile; fileRef = EDF42D9C1403F6F7004A8569 /* CreateHeaderFileAppDelegate.m */; };
		EDF42DA01403F6F7004A8569 /* MainWindow.xib in Resources */ = {isa = PBXBuildFile; fileRef = EDF42D9E1403F6F7004A8569 /* MainWindow.xib */; };
		EDF42DA31403F6F7004A8569 /* CreateHeaderFileViewController.m in Sources */ = {isa = PBXBuildFile; fileRef = EDF42DA21403F6F7004A8569 /* CreateHeaderFileViewController.m */; };
		EDF42DA61403F6F8004A8569 /* CreateHeaderFileViewController.xib in Resources */ = {isa = PBXBuildFile; fileRef = EDF42DA41403F6F8004A8569 /* CreateHeaderFileViewController.xib */; };
		EDF42DAE1403F8E8004A8569 /* cwork.c in Sources */ = {isa = PBXBuildFile; fileRef = EDF42DAD1403F8E8004A8569 /* cwork.c */; };
/* End PBXBuildFile section */

/* Begin PBXFileReference section */
		EDF42D881403F6F7004A8569 /* CreateHeaderFile.app */ = {isa = PBXFileReference; explicitFileType = wrapper.application; includeInIndex = 0; path = CreateHeaderFile.app; sourceTree = BUILT_PRODUCTS_DIR; };
		EDF42D8C1403F6F7004A8569 /* UIKit.framework */ = {isa = PBXFileReference; lastKnownFileType = wrapper.framework; name = UIKit.framework; path = System/Library/Frameworks/UIKit.framework; sourceTree = SDKROOT; };
		EDF42D8E1403F6F7004A8569 /* Foundation.framework */ = {isa = PBXFileReference; lastKnownFileType = wrapper.framework; name = Foundation.framework; path = System/Library/Frameworks/Foundation.framework; sourceTree = SDKROOT; };
		EDF42D901403F6F7004A8569 /* CoreGraphics.framework */ = {isa = PBXFileReference; lastKnownFileType = wrapper.framework; name = CoreGraphics.framework; path = System/Library/Frameworks/CoreGraphics.framework; sourceTree = SDKROOT; };
		EDF42D941403F6F7004A8569 /* CreateHeaderFile-Info.plist */ = {isa = PBXFileReference; lastKnownFileType = text.plist.xml; path = "CreateHeaderFile-Info.plist"; sourceTree = "<group>"; };
		EDF42D961403F6F7004A8569 /* en */ = {isa = PBXFileReference; lastKnownFileType = text.plist.strings; name = en; path = en.lproj/InfoPlist.strings; sourceTree = "<group>"; };
		EDF42D981403F6F7004A8569 /* main.m */ = {isa = PBXFileReference; lastKnownFileType = sourcecode.c.objc; path = main.m; sourceTree = "<group>"; };
		EDF42D9A1403F6F7004A8569 /* CreateHeaderFile-Prefix.pch */ = {isa = PBXFileReference; lastKnownFileType = sourcecode.c.h; path = "CreateHeaderFile-Prefix.pch"; sourceTree = "<group>"; };
		EDF42D9B1403F6F7004A8569 /* CreateHeaderFileAppDelegate.h */ = {isa = PBXFileReference; lastKnownFileType = sourcecode.c.h; path = CreateHeaderFileAppDelegate.h; sourceTree = "<group>"; };
		EDF42D9C1403F6F7004A8569 /* CreateHeaderFileAppDelegate.m */ = {isa = PBXFileReference; lastKnownFileType = sourcecode.c.objc; path = CreateHeaderFileAppDelegate.m; sourceTree = "<group>"; };
		EDF42D9F1403F6F7004A8569 /* en */ = {isa = PBXFileReference; lastKnownFileType = file.xib; name = en; path = en.lproj/MainWindow.xib; sourceTree = "<group>"; };
		EDF42DA11403F6F7004A8569 /* CreateHeaderFileViewController.h */ = {isa = PBXFileReference; lastKnownFileType = sourcecode.c.h; path = CreateHeaderFileViewController.h; sourceTree = "<group>"; };
		EDF42DA21403F6F7004A8569 /* CreateHeaderFileViewController.m */ = {isa = PBXFileReference; lastKnownFileType = sourcecode.c.objc; path = CreateHeaderFileViewController.m; sourceTree = "<group>"; };
		EDF42DA51403F6F8004A8569 /* en */ = {isa = PBXFileReference; lastKnownFileType = file.xib; name = en; path = en.lproj/CreateHeaderFileViewController.xib; sourceTree = "<group>"; };
		EDF42DAD1403F8E8004A8569 /* cwork.c */ = {isa = PBXFileReference; fileEncoding = 4; lastKnownFileType = sourcecode.c.c; path = cwork.c; sourceTree = "<group>"; };
		EDF42DAF1403FA58004A8569 /* cwork.h */ = {isa = PBXFileReference; fileEncoding = 4; lastKnownFileType = sourcecode.c.h; path = cwork.h; sourceTree = "<group>"; };
/* End PBXFileReference section */

/* Begin PBXFrameworksBuildPhase section */
		EDF42D851403F6F7004A8569 /* Frameworks */ = {
			isa = PBXFrameworksBuildPhase;
			buildActionMask = 2147483647;
			files = (
				EDF42D8D1403F6F7004A8569 /* UIKit.framework in Frameworks */,
				EDF42D8F1403F6F7004A8569 /* Foundation.framework in Frameworks */,
				EDF42D911403F6F7004A8569 /* CoreGraphics.framework in Frameworks */,
			);
			runOnlyForDeploymentPostprocessing = 0;
		};
/* End PBXFrameworksBuildPhase section */

/* Begin PBXGroup section */
		EDF42D7D1403F6F7004A8569 = {
			isa = PBXGroup;
			children = (
				EDF42DAC1403F753004A8569 /* C Files */,
				EDF42D921403F6F7004A8569 /* CreateHeaderFile */,
				EDF42D8B1403F6F7004A8569 /* Frameworks */,
				EDF42D891403F6F7004A8569 /* Products */,
			);
			sourceTree = "<group>";
		};
		EDF42D891403F6F7004A8569 /* Products */ = {
			isa = PBXGroup;
			children = (
				EDF42D881403F6F7004A8569 /* CreateHeaderFile.app */,
			);
			name = Products;
			sourceTree = "<group>";
		};
		EDF42D8B1403F6F7004A8569 /* Frameworks */ = {
			isa = PBXGroup;
			children = (
				EDF42D8C1403F6F7004A8569 /* UIKit.framework */,
				EDF42D8E1403F6F7004A8569 /* Foundation.framework */,
				EDF42D901403F6F7004A8569 /* CoreGraphics.framework */,
			);
			name = Frameworks;
			sourceTree = "<group>";
		};
		EDF42D921403F6F7004A8569 /* CreateHeaderFile */ = {
			isa = PBXGroup;
			children = (
				EDF42D9B1403F6F7004A8569 /* CreateHeaderFileAppDelegate.h */,
				EDF42D9C1403F6F7004A8569 /* CreateHeaderFileAppDelegate.m */,
				EDF42D9E1403F6F7004A8569 /* MainWindow.xib */,
				EDF42DA11403F6F7004A8569 /* CreateHeaderFileViewController.h */,
				EDF42DA21403F6F7004A8569 /* CreateHeaderFileViewController.m */,
				EDF42DA41403F6F8004A8569 /* CreateHeaderFileViewController.xib */,
				EDF42D931403F6F7004A8569 /* Supporting Files */,
			);
			path = CreateHeaderFile;
			sourceTree = "<group>";
		};
		EDF42D931403F6F7004A8569 /* Supporting Files */ = {
			isa = PBXGroup;
			children = (
				EDF42D941403F6F7004A8569 /* CreateHeaderFile-Info.plist */,
				EDF42D951403F6F7004A8569 /* InfoPlist.strings */,
				EDF42D981403F6F7004A8569 /* main.m */,
				EDF42D9A1403F6F7004A8569 /* CreateHeaderFile-Prefix.pch */,
			);
			name = "Supporting Files";
			sourceTree = "<group>";
		};
		EDF42DAC1403F753004A8569 /* C Files */ = {
			isa = PBXGroup;
			children = (
				EDF42DAF1403FA58004A8569 /* cwork.h */,
				EDF42DAD1403F8E8004A8569 /* cwork.c */,
			);
			name = "C Files";
			sourceTree = "<group>";
		};
/* End PBXGroup section */

/* Begin PBXNativeTarget section */
		EDF42D871403F6F7004A8569 /* CreateHeaderFile */ = {
			isa = PBXNativeTarget;
			buildConfigurationList = EDF42DA91403F6F8004A8569 /* Build configuration list for PBXNativeTarget "CreateHeaderFile" */;
			buildPhases = (
				EDF42D841403F6F7004A8569 /* Sources */,
				EDF42D851403F6F7004A8569 /* Frameworks */,
				EDF42D861403F6F7004A8569 /* Resources */,
			);
			buildRules = (
			);
			dependencies = (
			);
			name = CreateHeaderFile;
			productName = CreateHeaderFile;
			productReference = EDF42D881403F6F7004A8569 /* CreateHeaderFile.app */;
			productType = "com.apple.product-type.application";
		};
/* End PBXNativeTarget section */

/* Begin PBXProject section */
		EDF42D7F1403F6F7004A8569 /* Project object */ = {
			isa = PBXProject;
			buildConfigurationList = EDF42D821403F6F7004A8569 /* Build configuration list for PBXProject "CreateHeaderFile" */;
			compatibilityVersion = "Xcode 3.2";
			developmentRegion = English;
			hasScannedForEncodings = 0;
			knownRegions = (
				en,
			);
			mainGroup = EDF42D7D1403F6F7004A8569;
			productRefGroup = EDF42D891403F6F7004A8569 /* Products */;
			projectDirPath = "";
			projectRoot = "";
			targets = (
				EDF42D871403F6F7004A8569 /* CreateHeaderFile */,
			);
		};
/* End PBXProject section */

/* Begin PBXResourcesBuildPhase section */
		EDF42D861403F6F7004A8569 /* Resources */ = {
			isa = PBXResourcesBuildPhase;
			buildActionMask = 2147483647;
			files = (
				EDF42D971403F6F7004A8569 /* InfoPlist.strings in Resources */,
				EDF42DA01403F6F7004A8569 /* MainWindow.xib in Resources */,
				EDF42DA61403F6F8004A8569 /* CreateHeaderFileViewController.xib in Resources */,
			);
			runOnlyForDeploymentPostprocessing = 0;
		};
/* End PBXResourcesBuildPhase section */

/* Begin PBXSourcesBuildPhase section */
		EDF42D841403F6F7004A8569 /* Sources */ = {
			isa = PBXSourcesBuildPhase;
			buildActionMask = 2147483647;
			files = (
				EDF42D991403F6F7004A8569 /* main.m in Sources */,
				EDF42D9D1403F6F7004A8569 /* CreateHeaderFileAppDelegate.m in Sources */,
				EDF42DA31403F6F7004A8569 /* CreateHeaderFileViewController.m in Sources */,
				EDF42DAE1403F8E8004A8569 /* cwork.c in Sources */,
			);
			runOnlyForDeploymentPostprocessing = 0;
		};
/* End PBXSourcesBuildPhase section */

/* Begin PBXVariantGroup section */
		EDF42D951403F6F7004A8569 /* InfoPlist.strings */ = {
			isa = PBXVariantGroup;
			children = (
				EDF42D961403F6F7004A8569 /* en */,
			);
			name = InfoPlist.strings;
			sourceTree = "<group>";
		};
		EDF42D9E1403F6F7004A8569 /* MainWindow.xib */ = {
			isa = PBXVariantGroup;
			children = (
				EDF42D9F1403F6F7004A8569 /* en */,
			);
			name = MainWindow.xib;
			sourceTree = "<group>";
		};
		EDF42DA41403F6F8004A8569 /* CreateHeaderFileViewController.xib */ = {
			isa = PBXVariantGroup;
			children = (
				EDF42DA51403F6F8004A8569 /* en */,
			);
			name = CreateHeaderFileViewController.xib;
			sourceTree = "<group>";
		};
/* End PBXVariantGroup section */

/* Begin XCBuildConfiguration section */
		EDF42DA71403F6F8004A8569 /* Debug */ = {
			isa = XCBuildConfiguration;
			buildSettings = {
				ALWAYS_SEARCH_USER_PATHS = NO;
				ARCHS = "$(ARCHS_STANDARD_32_BIT)";
				"CODE_SIGN_IDENTITY[sdk=iphoneos*]" = "iPhone Developer";
				COPY_PHASE_STRIP = NO;
				GCC_C_LANGUAGE_STANDARD = gnu99;
				GCC_DYNAMIC_NO_PIC = NO;
				GCC_OPTIMIZATION_LEVEL = 0;
				GCC_PREPROCESSOR_DEFINITIONS = (
					"DEBUG=1",
					"$(inherited)",
				);
				GCC_SYMBOLS_PRIVATE_EXTERN = NO;
				GCC_VERSION = com.apple.compilers.llvmgcc42;
				GCC_WARN_ABOUT_MISSING_PROTOTYPES = YES;
				GCC_WARN_ABOUT_RETURN_TYPE = YES;
				GCC_WARN_UNUSED_VARIABLE = YES;
				IPHONEOS_DEPLOYMENT_TARGET = 4.3;
				SDKROOT = iphoneos;
			};
			name = Debug;
		};
		EDF42DA81403F6F8004A8569 /* Release */ = {
			isa = XCBuildConfiguration;
			buildSettings = {
				ALWAYS_SEARCH_USER_PATHS = NO;
				ARCHS = "$(ARCHS_STANDARD_32_BIT)";
				"CODE_SIGN_IDENTITY[sdk=iphoneos*]" = "iPhone Developer";
				COPY_PHASE_STRIP = YES;
				GCC_C_LANGUAGE_STANDARD = gnu99;
				GCC_VERSION = com.apple.compilers.llvmgcc42;
				GCC_WARN_ABOUT_MISSING_PROTOTYPES = YES;
				GCC_WARN_ABOUT_RETURN_TYPE = YES;
				GCC_WARN_UNUSED_VARIABLE = YES;
				IPHONEOS_DEPLOYMENT_TARGET = 4.3;
				OTHER_CFLAGS = "-DNS_BLOCK_ASSERTIONS=1";
				SDKROOT = iphoneos;
				VALIDATE_PRODUCT = YES;
			};
			name = Release;
		};
		EDF42DAA1403F6F8004A8569 /* Debug */ = {
			isa = XCBuildConfiguration;
			buildSettings = {
				GCC_PRECOMPILE_PREFIX_HEADER = YES;
				GCC_PREFIX_HEADER = "CreateHeaderFile/CreateHeaderFile-Prefix.pch";
				INFOPLIST_FILE = "CreateHeaderFile/CreateHeaderFile-Info.plist";
				PRODUCT_NAME = "$(TARGET_NAME)";
				WRAPPER_EXTENSION = app;
			};
			name = Debug;
		};
		EDF42DAB1403F6F8004A8569 /* Release */ = {
			isa = XCBuildConfiguration;
			buildSettings = {
				GCC_PRECOMPILE_PREFIX_HEADER = YES;
				GCC_PREFIX_HEADER = "CreateHeaderFile/CreateHeaderFile-Prefix.pch";
				INFOPLIST_FILE = "CreateHeaderFile/CreateHeaderFile-Info.plist";
				PRODUCT_NAME = "$(TARGET_NAME)";
				WRAPPER_EXTENSION = app;
			};
			name = Release;
		};
/* End XCBuildConfiguration section */

/* Begin XCConfigurationList section */
		EDF42D821403F6F7004A8569 /* Build configuration list for PBXProject "CreateHeaderFile" */ = {
			isa = XCConfigurationList;
			buildConfigurations = (
				EDF42DA71403F6F8004A8569 /* Debug */,
				EDF42DA81403F6F8004A8569 /* Release */,
			);
			defaultConfigurationIsVisible = 0;
			defaultConfigurationName = Release;
		};
		EDF42DA91403F6F8004A8569 /* Build configuration list for PBXNativeTarget "CreateHeaderFile" */ = {
			isa = XCConfigurationList;
			buildConfigurations = (
				EDF42DAA1403F6F8004A8569 /* Debug */,
				EDF42DAB1403F6F8004A8569 /* Release */,
			);
			defaultConfigurationIsVisible = 0;
			defaultConfigurationName = Release;
		};
/* End XCConfigurationList section */
	};
	rootObject = EDF42D7F1403F6F7004A8569 /* Project object */;
}
