// !$*UTF8*$!
{
	archiveVersion = 1;
	classes = {
	};
	objectVersion = 46;
	objects = {

/* Begin PBXBuildFile section */
		EDA1C27F140BEA0600C825B4 /* UIKit.framework in Frameworks */ = {isa = PBXBuildFile; fileRef = EDA1C27E140BEA0600C825B4 /* UIKit.framework */; };
		EDA1C281140BEA0600C825B4 /* Foundation.framework in Frameworks */ = {isa = PBXBuildFile; fileRef = EDA1C280140BEA0600C825B4 /* Foundation.framework */; };
		EDA1C283140BEA0600C825B4 /* CoreGraphics.framework in Frameworks */ = {isa = PBXBuildFile; fileRef = EDA1C282140BEA0600C825B4 /* CoreGraphics.framework */; };
		EDA1C289140BEA0600C825B4 /* InfoPlist.strings in Resources */ = {isa = PBXBuildFile; fileRef = EDA1C287140BEA0600C825B4 /* InfoPlist.strings */; };
		EDA1C28B140BEA0600C825B4 /* main.m in Sources */ = {isa = PBXBuildFile; fileRef = EDA1C28A140BEA0600C825B4 /* main.m */; };
		EDA1C28F140BEA0600C825B4 /* ChapThreeAppDelegate.m in Sources */ = {isa = PBXBuildFile; fileRef = EDA1C28E140BEA0600C825B4 /* ChapThreeAppDelegate.m */; };
		EDA1C292140BEA0600C825B4 /* MainWindow.xib in Resources */ = {isa = PBXBuildFile; fileRef = EDA1C290140BEA0600C825B4 /* MainWindow.xib */; };
		EDA1C295140BEA0600C825B4 /* ChapThreeViewController.m in Sources */ = {isa = PBXBuildFile; fileRef = EDA1C294140BEA0600C825B4 /* ChapThreeViewController.m */; };
		EDA1C298140BEA0600C825B4 /* ChapThreeViewController.xib in Resources */ = {isa = PBXBuildFile; fileRef = EDA1C296140BEA0600C825B4 /* ChapThreeViewController.xib */; };
		EDA1C2A6140BEF0E00C825B4 /* Simple.m in Sources */ = {isa = PBXBuildFile; fileRef = EDA1C2A5140BEF0E00C825B4 /* Simple.m */; };
/* End PBXBuildFile section */

/* Begin PBXFileReference section */
		EDA1C27A140BEA0600C825B4 /* ChapThree.app */ = {isa = PBXFileReference; explicitFileType = wrapper.application; includeInIndex = 0; path = ChapThree.app; sourceTree = BUILT_PRODUCTS_DIR; };
		EDA1C27E140BEA0600C825B4 /* UIKit.framework */ = {isa = PBXFileReference; lastKnownFileType = wrapper.framework; name = UIKit.framework; path = System/Library/Frameworks/UIKit.framework; sourceTree = SDKROOT; };
		EDA1C280140BEA0600C825B4 /* Foundation.framework */ = {isa = PBXFileReference; lastKnownFileType = wrapper.framework; name = Foundation.framework; path = System/Library/Frameworks/Foundation.framework; sourceTree = SDKROOT; };
		EDA1C282140BEA0600C825B4 /* CoreGraphics.framework */ = {isa = PBXFileReference; lastKnownFileType = wrapper.framework; name = CoreGraphics.framework; path = System/Library/Frameworks/CoreGraphics.framework; sourceTree = SDKROOT; };
		EDA1C286140BEA0600C825B4 /* ChapThree-Info.plist */ = {isa = PBXFileReference; lastKnownFileType = text.plist.xml; path = "ChapThree-Info.plist"; sourceTree = "<group>"; };
		EDA1C288140BEA0600C825B4 /* en */ = {isa = PBXFileReference; lastKnownFileType = text.plist.strings; name = en; path = en.lproj/InfoPlist.strings; sourceTree = "<group>"; };
		EDA1C28A140BEA0600C825B4 /* main.m */ = {isa = PBXFileReference; lastKnownFileType = sourcecode.c.objc; path = main.m; sourceTree = "<group>"; };
		EDA1C28C140BEA0600C825B4 /* ChapThree-Prefix.pch */ = {isa = PBXFileReference; lastKnownFileType = sourcecode.c.h; path = "ChapThree-Prefix.pch"; sourceTree = "<group>"; };
		EDA1C28D140BEA0600C825B4 /* ChapThreeAppDelegate.h */ = {isa = PBXFileReference; lastKnownFileType = sourcecode.c.h; path = ChapThreeAppDelegate.h; sourceTree = "<group>"; };
		EDA1C28E140BEA0600C825B4 /* ChapThreeAppDelegate.m */ = {isa = PBXFileReference; lastKnownFileType = sourcecode.c.objc; path = ChapThreeAppDelegate.m; sourceTree = "<group>"; };
		EDA1C291140BEA0600C825B4 /* en */ = {isa = PBXFileReference; lastKnownFileType = file.xib; name = en; path = en.lproj/MainWindow.xib; sourceTree = "<group>"; };
		EDA1C293140BEA0600C825B4 /* ChapThreeViewController.h */ = {isa = PBXFileReference; lastKnownFileType = sourcecode.c.h; path = ChapThreeViewController.h; sourceTree = "<group>"; };
		EDA1C294140BEA0600C825B4 /* ChapThreeViewController.m */ = {isa = PBXFileReference; lastKnownFileType = sourcecode.c.objc; path = ChapThreeViewController.m; sourceTree = "<group>"; };
		EDA1C297140BEA0600C825B4 /* en */ = {isa = PBXFileReference; lastKnownFileType = file.xib; name = en; path = en.lproj/ChapThreeViewController.xib; sourceTree = "<group>"; };
		EDA1C2A4140BEF0E00C825B4 /* Simple.h */ = {isa = PBXFileReference; fileEncoding = 4; lastKnownFileType = sourcecode.c.h; path = Simple.h; sourceTree = "<group>"; };
		EDA1C2A5140BEF0E00C825B4 /* Simple.m */ = {isa = PBXFileReference; fileEncoding = 4; lastKnownFileType = sourcecode.c.objc; path = Simple.m; sourceTree = "<group>"; };
/* End PBXFileReference section */

/* Begin PBXFrameworksBuildPhase section */
		EDA1C277140BEA0600C825B4 /* Frameworks */ = {
			isa = PBXFrameworksBuildPhase;
			buildActionMask = 2147483647;
			files = (
				EDA1C27F140BEA0600C825B4 /* UIKit.framework in Frameworks */,
				EDA1C281140BEA0600C825B4 /* Foundation.framework in Frameworks */,
				EDA1C283140BEA0600C825B4 /* CoreGraphics.framework in Frameworks */,
			);
			runOnlyForDeploymentPostprocessing = 0;
		};
/* End PBXFrameworksBuildPhase section */

/* Begin PBXGroup section */
		EDA1C26F140BEA0600C825B4 = {
			isa = PBXGroup;
			children = (
				EDA1C29E140BEA5300C825B4 /* Objective-C */,
				EDA1C284140BEA0600C825B4 /* ChapThree */,
				EDA1C27D140BEA0600C825B4 /* Frameworks */,
				EDA1C27B140BEA0600C825B4 /* Products */,
			);
			sourceTree = "<group>";
		};
		EDA1C27B140BEA0600C825B4 /* Products */ = {
			isa = PBXGroup;
			children = (
				EDA1C27A140BEA0600C825B4 /* ChapThree.app */,
			);
			name = Products;
			sourceTree = "<group>";
		};
		EDA1C27D140BEA0600C825B4 /* Frameworks */ = {
			isa = PBXGroup;
			children = (
				EDA1C27E140BEA0600C825B4 /* UIKit.framework */,
				EDA1C280140BEA0600C825B4 /* Foundation.framework */,
				EDA1C282140BEA0600C825B4 /* CoreGraphics.framework */,
			);
			name = Frameworks;
			sourceTree = "<group>";
		};
		EDA1C284140BEA0600C825B4 /* ChapThree */ = {
			isa = PBXGroup;
			children = (
				EDA1C28D140BEA0600C825B4 /* ChapThreeAppDelegate.h */,
				EDA1C28E140BEA0600C825B4 /* ChapThreeAppDelegate.m */,
				EDA1C290140BEA0600C825B4 /* MainWindow.xib */,
				EDA1C293140BEA0600C825B4 /* ChapThreeViewController.h */,
				EDA1C294140BEA0600C825B4 /* ChapThreeViewController.m */,
				EDA1C296140BEA0600C825B4 /* ChapThreeViewController.xib */,
				EDA1C285140BEA0600C825B4 /* Supporting Files */,
			);
			path = ChapThree;
			sourceTree = "<group>";
		};
		EDA1C285140BEA0600C825B4 /* Supporting Files */ = {
			isa = PBXGroup;
			children = (
				EDA1C286140BEA0600C825B4 /* ChapThree-Info.plist */,
				EDA1C287140BEA0600C825B4 /* InfoPlist.strings */,
				EDA1C28A140BEA0600C825B4 /* main.m */,
				EDA1C28C140BEA0600C825B4 /* ChapThree-Prefix.pch */,
			);
			name = "Supporting Files";
			sourceTree = "<group>";
		};
		EDA1C29E140BEA5300C825B4 /* Objective-C */ = {
			isa = PBXGroup;
			children = (
				EDA1C2A4140BEF0E00C825B4 /* Simple.h */,
				EDA1C2A5140BEF0E00C825B4 /* Simple.m */,
			);
			name = "Objective-C";
			sourceTree = "<group>";
		};
/* End PBXGroup section */

/* Begin PBXNativeTarget section */
		EDA1C279140BEA0600C825B4 /* ChapThree */ = {
			isa = PBXNativeTarget;
			buildConfigurationList = EDA1C29B140BEA0600C825B4 /* Build configuration list for PBXNativeTarget "ChapThree" */;
			buildPhases = (
				EDA1C276140BEA0600C825B4 /* Sources */,
				EDA1C277140BEA0600C825B4 /* Frameworks */,
				EDA1C278140BEA0600C825B4 /* Resources */,
			);
			buildRules = (
			);
			dependencies = (
			);
			name = ChapThree;
			productName = ChapThree;
			productReference = EDA1C27A140BEA0600C825B4 /* ChapThree.app */;
			productType = "com.apple.product-type.application";
		};
/* End PBXNativeTarget section */

/* Begin PBXProject section */
		EDA1C271140BEA0600C825B4 /* Project object */ = {
			isa = PBXProject;
			buildConfigurationList = EDA1C274140BEA0600C825B4 /* Build configuration list for PBXProject "ChapThree" */;
			compatibilityVersion = "Xcode 3.2";
			developmentRegion = English;
			hasScannedForEncodings = 0;
			knownRegions = (
				en,
			);
			mainGroup = EDA1C26F140BEA0600C825B4;
			productRefGroup = EDA1C27B140BEA0600C825B4 /* Products */;
			projectDirPath = "";
			projectRoot = "";
			targets = (
				EDA1C279140BEA0600C825B4 /* ChapThree */,
			);
		};
/* End PBXProject section */

/* Begin PBXResourcesBuildPhase section */
		EDA1C278140BEA0600C825B4 /* Resources */ = {
			isa = PBXResourcesBuildPhase;
			buildActionMask = 2147483647;
			files = (
				EDA1C289140BEA0600C825B4 /* InfoPlist.strings in Resources */,
				EDA1C292140BEA0600C825B4 /* MainWindow.xib in Resources */,
				EDA1C298140BEA0600C825B4 /* ChapThreeViewController.xib in Resources */,
			);
			runOnlyForDeploymentPostprocessing = 0;
		};
/* End PBXResourcesBuildPhase section */

/* Begin PBXSourcesBuildPhase section */
		EDA1C276140BEA0600C825B4 /* Sources */ = {
			isa = PBXSourcesBuildPhase;
			buildActionMask = 2147483647;
			files = (
				EDA1C28B140BEA0600C825B4 /* main.m in Sources */,
				EDA1C28F140BEA0600C825B4 /* ChapThreeAppDelegate.m in Sources */,
				EDA1C295140BEA0600C825B4 /* ChapThreeViewController.m in Sources */,
				EDA1C2A6140BEF0E00C825B4 /* Simple.m in Sources */,
			);
			runOnlyForDeploymentPostprocessing = 0;
		};
/* End PBXSourcesBuildPhase section */

/* Begin PBXVariantGroup section */
		EDA1C287140BEA0600C825B4 /* InfoPlist.strings */ = {
			isa = PBXVariantGroup;
			children = (
				EDA1C288140BEA0600C825B4 /* en */,
			);
			name = InfoPlist.strings;
			sourceTree = "<group>";
		};
		EDA1C290140BEA0600C825B4 /* MainWindow.xib */ = {
			isa = PBXVariantGroup;
			children = (
				EDA1C291140BEA0600C825B4 /* en */,
			);
			name = MainWindow.xib;
			sourceTree = "<group>";
		};
		EDA1C296140BEA0600C825B4 /* ChapThreeViewController.xib */ = {
			isa = PBXVariantGroup;
			children = (
				EDA1C297140BEA0600C825B4 /* en */,
			);
			name = ChapThreeViewController.xib;
			sourceTree = "<group>";
		};
/* End PBXVariantGroup section */

/* Begin XCBuildConfiguration section */
		EDA1C299140BEA0600C825B4 /* Debug */ = {
			isa = XCBuildConfiguration;
			buildSettings = {
				ALWAYS_SEARCH_USER_PATHS = NO;
				ARCHS = "$(ARCHS_UNIVERSAL_IPHONE_OS)";
				"CODE_SIGN_IDENTITY[sdk=iphoneos*]" = "iPhone Developer";
				COPY_PHASE_STRIP = NO;
				GCC_C_LANGUAGE_STANDARD = gnu99;
				GCC_DYNAMIC_NO_PIC = NO;
				GCC_OPTIMIZATION_LEVEL = 0;
				GCC_PREPROCESSOR_DEFINITIONS = (
					"DEBUG=1",
					"$(inherited)",
				);
				GCC_SYMBOLS_PRIVATE_EXTERN = NO;
				GCC_VERSION = com.apple.compilers.llvmgcc42;
				GCC_WARN_ABOUT_MISSING_PROTOTYPES = YES;
				GCC_WARN_ABOUT_RETURN_TYPE = YES;
				GCC_WARN_UNUSED_VARIABLE = YES;
				IPHONEOS_DEPLOYMENT_TARGET = 4.3;
				SDKROOT = iphoneos;
				TARGETED_DEVICE_FAMILY = 2;
			};
			name = Debug;
		};
		EDA1C29A140BEA0600C825B4 /* Release */ = {
			isa = XCBuildConfiguration;
			buildSettings = {
				ALWAYS_SEARCH_USER_PATHS = NO;
				ARCHS = "$(ARCHS_UNIVERSAL_IPHONE_OS)";
				"CODE_SIGN_IDENTITY[sdk=iphoneos*]" = "iPhone Developer";
				COPY_PHASE_STRIP = YES;
				GCC_C_LANGUAGE_STANDARD = gnu99;
				GCC_VERSION = com.apple.compilers.llvmgcc42;
				GCC_WARN_ABOUT_MISSING_PROTOTYPES = YES;
				GCC_WARN_ABOUT_RETURN_TYPE = YES;
				GCC_WARN_UNUSED_VARIABLE = YES;
				IPHONEOS_DEPLOYMENT_TARGET = 4.3;
				OTHER_CFLAGS = "-DNS_BLOCK_ASSERTIONS=1";
				SDKROOT = iphoneos;
				TARGETED_DEVICE_FAMILY = 2;
				VALIDATE_PRODUCT = YES;
			};
			name = Release;
		};
		EDA1C29C140BEA0600C825B4 /* Debug */ = {
			isa = XCBuildConfiguration;
			buildSettings = {
				GCC_PRECOMPILE_PREFIX_HEADER = YES;
				GCC_PREFIX_HEADER = "ChapThree/ChapThree-Prefix.pch";
				INFOPLIST_FILE = "ChapThree/ChapThree-Info.plist";
				PRODUCT_NAME = "$(TARGET_NAME)";
				WRAPPER_EXTENSION = app;
			};
			name = Debug;
		};
		EDA1C29D140BEA0600C825B4 /* Release */ = {
			isa = XCBuildConfiguration;
			buildSettings = {
				GCC_PRECOMPILE_PREFIX_HEADER = YES;
				GCC_PREFIX_HEADER = "ChapThree/ChapThree-Prefix.pch";
				INFOPLIST_FILE = "ChapThree/ChapThree-Info.plist";
				PRODUCT_NAME = "$(TARGET_NAME)";
				WRAPPER_EXTENSION = app;
			};
			name = Release;
		};
/* End XCBuildConfiguration section */

/* Begin XCConfigurationList section */
		EDA1C274140BEA0600C825B4 /* Build configuration list for PBXProject "ChapThree" */ = {
			isa = XCConfigurationList;
			buildConfigurations = (
				EDA1C299140BEA0600C825B4 /* Debug */,
				EDA1C29A140BEA0600C825B4 /* Release */,
			);
			defaultConfigurationIsVisible = 0;
			defaultConfigurationName = Release;
		};
		EDA1C29B140BEA0600C825B4 /* Build configuration list for PBXNativeTarget "ChapThree" */ = {
			isa = XCConfigurationList;
			buildConfigurations = (
				EDA1C29C140BEA0600C825B4 /* Debug */,
				EDA1C29D140BEA0600C825B4 /* Release */,
			);
			defaultConfigurationIsVisible = 0;
		};
/* End XCConfigurationList section */
	};
	rootObject = EDA1C271140BEA0600C825B4 /* Project object */;
}
